// !$*UTF8*$!
{
	archiveVersion = 1;
	classes = {
	};
	objectVersion = 46;
	objects = {

/* Begin PBXBuildFile section */
		8FABA90A1EA951E7001B1F34 /* AppDelegate.swift in Sources */ = {isa = PBXBuildFile; fileRef = 8FABA9091EA951E7001B1F34 /* AppDelegate.swift */; };
		8FABA90C1EA951E7001B1F34 /* ViewController.swift in Sources */ = {isa = PBXBuildFile; fileRef = 8FABA90B1EA951E7001B1F34 /* ViewController.swift */; };
		8FABA90F1EA951E7001B1F34 /* Main.storyboard in Resources */ = {isa = PBXBuildFile; fileRef = 8FABA90D1EA951E7001B1F34 /* Main.storyboard */; };
		8FABA9121EA951E7001B1F34 /* SnapChat.xcdatamodeld in Sources */ = {isa = PBXBuildFile; fileRef = 8FABA9101EA951E7001B1F34 /* SnapChat.xcdatamodeld */; };
		8FABA9141EA951E7001B1F34 /* Assets.xcassets in Resources */ = {isa = PBXBuildFile; fileRef = 8FABA9131EA951E7001B1F34 /* Assets.xcassets */; };
		8FABA9171EA951E7001B1F34 /* LaunchScreen.storyboard in Resources */ = {isa = PBXBuildFile; fileRef = 8FABA9151EA951E7001B1F34 /* LaunchScreen.storyboard */; };
/* End PBXBuildFile section */

/* Begin PBXFileReference section */
		8FABA9061EA951E7001B1F34 /* SnapChat.app */ = {isa = PBXFileReference; explicitFileType = wrapper.application; includeInIndex = 0; path = SnapChat.app; sourceTree = BUILT_PRODUCTS_DIR; };
		8FABA9091EA951E7001B1F34 /* AppDelegate.swift */ = {isa = PBXFileReference; lastKnownFileType = sourcecode.swift; path = AppDelegate.swift; sourceTree = "<group>"; };
		8FABA90B1EA951E7001B1F34 /* ViewController.swift */ = {isa = PBXFileReference; lastKnownFileType = sourcecode.swift; path = ViewController.swift; sourceTree = "<group>"; };
		8FABA90E1EA951E7001B1F34 /* Base */ = {isa = PBXFileReference; lastKnownFileType = file.storyboard; name = Base; path = Base.lproj/Main.storyboard; sourceTree = "<group>"; };
		8FABA9111EA951E7001B1F34 /* SnapChat.xcdatamodel */ = {isa = PBXFileReference; lastKnownFileType = wrapper.xcdatamodel; path = SnapChat.xcdatamodel; sourceTree = "<group>"; };
		8FABA9131EA951E7001B1F34 /* Assets.xcassets */ = {isa = PBXFileReference; lastKnownFileType = folder.assetcatalog; path = Assets.xcassets; sourceTree = "<group>"; };
		8FABA9161EA951E7001B1F34 /* Base */ = {isa = PBXFileReference; lastKnownFileType = file.storyboard; name = Base; path = Base.lproj/LaunchScreen.storyboard; sourceTree = "<group>"; };
		8FABA9181EA951E7001B1F34 /* Info.plist */ = {isa = PBXFileReference; lastKnownFileType = text.plist.xml; path = Info.plist; sourceTree = "<group>"; };
/* End PBXFileReference section */

/* Begin PBXFrameworksBuildPhase section */
		8FABA9031EA951E7001B1F34 /* Frameworks */ = {
			isa = PBXFrameworksBuildPhase;
			buildActionMask = 2147483647;
			files = (
			);
			runOnlyForDeploymentPostprocessing = 0;
		};
/* End PBXFrameworksBuildPhase section */

/* Begin PBXGroup section */
		8FABA8FD1EA951E7001B1F34 = {
			isa = PBXGroup;
			children = (
				8FABA9081EA951E7001B1F34 /* SnapChat */,
				8FABA9071EA951E7001B1F34 /* Products */,
			);
			sourceTree = "<group>";
		};
		8FABA9071EA951E7001B1F34 /* Products */ = {
			isa = PBXGroup;
			children = (
				8FABA9061EA951E7001B1F34 /* SnapChat.app */,
			);
			name = Products;
			sourceTree = "<group>";
		};
		8FABA9081EA951E7001B1F34 /* SnapChat */ = {
			isa = PBXGroup;
			children = (
				8FABA9091EA951E7001B1F34 /* AppDelegate.swift */,
				8FABA90B1EA951E7001B1F34 /* ViewController.swift */,
				8FABA90D1EA951E7001B1F34 /* Main.storyboard */,
				8FABA9131EA951E7001B1F34 /* Assets.xcassets */,
				8FABA9151EA951E7001B1F34 /* LaunchScreen.storyboard */,
				8FABA9181EA951E7001B1F34 /* Info.plist */,
				8FABA9101EA951E7001B1F34 /* SnapChat.xcdatamodeld */,
			);
			path = SnapChat;
			sourceTree = "<group>";
		};
/* End PBXGroup section */

/* Begin PBXNativeTarget section */
		8FABA9051EA951E7001B1F34 /* SnapChat */ = {
			isa = PBXNativeTarget;
			buildConfigurationList = 8FABA91B1EA951E7001B1F34 /* Build configuration list for PBXNativeTarget "SnapChat" */;
			buildPhases = (
				8FABA9021EA951E7001B1F34 /* Sources */,
				8FABA9031EA951E7001B1F34 /* Frameworks */,
				8FABA9041EA951E7001B1F34 /* Resources */,
			);
			buildRules = (
			);
			dependencies = (
			);
			name = SnapChat;
			productName = SnapChat;
			productReference = 8FABA9061EA951E7001B1F34 /* SnapChat.app */;
			productType = "com.apple.product-type.application";
		};
/* End PBXNativeTarget section */

/* Begin PBXProject section */
		8FABA8FE1EA951E7001B1F34 /* Project object */ = {
			isa = PBXProject;
			attributes = {
				LastSwiftUpdateCheck = 0830;
				LastUpgradeCheck = 0830;
				ORGANIZATIONNAME = "Diego Gomez";
				TargetAttributes = {
					8FABA9051EA951E7001B1F34 = {
						CreatedOnToolsVersion = 8.3.1;
						DevelopmentTeam = 5LSUF525AK;
						ProvisioningStyle = Automatic;
					};
				};
			};
			buildConfigurationList = 8FABA9011EA951E7001B1F34 /* Build configuration list for PBXProject "SnapChat" */;
			compatibilityVersion = "Xcode 3.2";
			developmentRegion = English;
			hasScannedForEncodings = 0;
			knownRegions = (
				en,
				Base,
			);
			mainGroup = 8FABA8FD1EA951E7001B1F34;
			productRefGroup = 8FABA9071EA951E7001B1F34 /* Products */;
			projectDirPath = "";
			projectRoot = "";
			targets = (
				8FABA9051EA951E7001B1F34 /* SnapChat */,
			);
		};
/* End PBXProject section */

/* Begin PBXResourcesBuildPhase section */
		8FABA9041EA951E7001B1F34 /* Resources */ = {
			isa = PBXResourcesBuildPhase;
			buildActionMask = 2147483647;
			files = (
				8FABA9171EA951E7001B1F34 /* LaunchScreen.storyboard in Resources */,
				8FABA9141EA951E7001B1F34 /* Assets.xcassets in Resources */,
				8FABA90F1EA951E7001B1F34 /* Main.storyboard in Resources */,
			);
			runOnlyForDeploymentPostprocessing = 0;
		};
/* End PBXResourcesBuildPhase section */

/* Begin PBXSourcesBuildPhase section */
		8FABA9021EA951E7001B1F34 /* Sources */ = {
			isa = PBXSourcesBuildPhase;
			buildActionMask = 2147483647;
			files = (
				8FABA90C1EA951E7001B1F34 /* ViewController.swift in Sources */,
				8FABA90A1EA951E7001B1F34 /* AppDelegate.swift in Sources */,
				8FABA9121EA951E7001B1F34 /* SnapChat.xcdatamodeld in Sources */,
			);
			runOnlyForDeploymentPostprocessing = 0;
		};
/* End PBXSourcesBuildPhase section */

/* Begin PBXVariantGroup section */
		8FABA90D1EA951E7001B1F34 /* Main.storyboard */ = {
			isa = PBXVariantGroup;
			children = (
				8FABA90E1EA951E7001B1F34 /* Base */,
			);
			name = Main.storyboard;
			sourceTree = "<group>";
		};
		8FABA9151EA951E7001B1F34 /* LaunchScreen.storyboard */ = {
			isa = PBXVariantGroup;
			children = (
				8FABA9161EA951E7001B1F34 /* Base */,
			);
			name = LaunchScreen.storyboard;
			sourceTree = "<group>";
		};
/* End PBXVariantGroup section */

/* Begin XCBuildConfiguration section */
		8FABA9191EA951E7001B1F34 /* Debug */ = {
			isa = XCBuildConfiguration;
			buildSettings = {
				ALWAYS_SEARCH_USER_PATHS = NO;
				CLANG_ANALYZER_NONNULL = YES;
				CLANG_ANALYZER_NUMBER_OBJECT_CONVERSION = YES_AGGRESSIVE;
				CLANG_CXX_LANGUAGE_STANDARD = "gnu++0x";
				CLANG_CXX_LIBRARY = "libc++";
				CLANG_ENABLE_MODULES = YES;
				CLANG_ENABLE_OBJC_ARC = YES;
				CLANG_WARN_BOOL_CONVERSION = YES;
				CLANG_WARN_CONSTANT_CONVERSION = YES;
				CLANG_WARN_DIRECT_OBJC_ISA_USAGE = YES_ERROR;
				CLANG_WARN_DOCUMENTATION_COMMENTS = YES;
				CLANG_WARN_EMPTY_BODY = YES;
				CLANG_WARN_ENUM_CONVERSION = YES;
				CLANG_WARN_INFINITE_RECURSION = YES;
				CLANG_WARN_INT_CONVERSION = YES;
				CLANG_WARN_OBJC_ROOT_CLASS = YES_ERROR;
				CLANG_WARN_SUSPICIOUS_MOVE = YES;
				CLANG_WARN_UNREACHABLE_CODE = YES;
				CLANG_WARN__DUPLICATE_METHOD_MATCH = YES;
				"CODE_SIGN_IDENTITY[sdk=iphoneos*]" = "iPhone Developer";
				COPY_PHASE_STRIP = NO;
				DEBUG_INFORMATION_FORMAT = dwarf;
				ENABLE_STRICT_OBJC_MSGSEND = YES;
				ENABLE_TESTABILITY = YES;
				GCC_C_LANGUAGE_STANDARD = gnu99;
				GCC_DYNAMIC_NO_PIC = NO;
				GCC_NO_COMMON_BLOCKS = YES;
				GCC_OPTIMIZATION_LEVEL = 0;
				GCC_PREPROCESSOR_DEFINITIONS = (
					"DEBUG=1",
					"$(inherited)",
				);
				GCC_WARN_64_TO_32_BIT_CONVERSION = YES;
				GCC_WARN_ABOUT_RETURN_TYPE = YES_ERROR;
				GCC_WARN_UNDECLARED_SELECTOR = YES;
				GCC_WARN_UNINITIALIZED_AUTOS = YES_AGGRESSIVE;
				GCC_WARN_UNUSED_FUNCTION = YES;
				GCC_WARN_UNUSED_VARIABLE = YES;
				IPHONEOS_DEPLOYMENT_TARGET = 10.3;
				MTL_ENABLE_DEBUG_INFO = YES;
				ONLY_ACTIVE_ARCH = YES;
				SDKROOT = iphoneos;
				SWIFT_ACTIVE_COMPILATION_CONDITIONS = DEBUG;
				SWIFT_OPTIMIZATION_LEVEL = "-Onone";
				TARGETED_DEVICE_FAMILY = "1,2";
			};
			name = Debug;
		};
		8FABA91A1EA951E7001B1F34 /* Release */ = {
			isa = XCBuildConfiguration;
			buildSettings = {
				ALWAYS_SEARCH_USER_PATHS = NO;
				CLANG_ANALYZER_NONNULL = YES;
				CLANG_ANALYZER_NUMBER_OBJECT_CONVERSION = YES_AGGRESSIVE;
				CLANG_CXX_LANGUAGE_STANDARD = "gnu++0x";
				CLANG_CXX_LIBRARY = "libc++";
				CLANG_ENABLE_MODULES = YES;
				CLANG_ENABLE_OBJC_ARC = YES;
				CLANG_WARN_BOOL_CONVERSION = YES;
				CLANG_WARN_CONSTANT_CONVERSION = YES;
				CLANG_WARN_DIRECT_OBJC_ISA_USAGE = YES_ERROR;
				CLANG_WARN_DOCUMENTATION_COMMENTS = YES;
				CLANG_WARN_EMPTY_BODY = YES;
				CLANG_WARN_ENUM_CONVERSION = YES;
				CLANG_WARN_INFINITE_RECURSION = YES;
				CLANG_WARN_INT_CONVERSION = YES;
				CLANG_WARN_OBJC_ROOT_CLASS = YES_ERROR;
				CLANG_WARN_SUSPICIOUS_MOVE = YES;
				CLANG_WARN_UNREACHABLE_CODE = YES;
				CLANG_WARN__DUPLICATE_METHOD_MATCH = YES;
				"CODE_SIGN_IDENTITY[sdk=iphoneos*]" = "iPhone Developer";
				COPY_PHASE_STRIP = NO;
				DEBUG_INFORMATION_FORMAT = "dwarf-with-dsym";
				ENABLE_NS_ASSERTIONS = NO;
				ENABLE_STRICT_OBJC_MSGSEND = YES;
				GCC_C_LANGUAGE_STANDARD = gnu99;
				GCC_NO_COMMON_BLOCKS = YES;
				GCC_WARN_64_TO_32_BIT_CONVERSION = YES;
				GCC_WARN_ABOUT_RETURN_TYPE = YES_ERROR;
				GCC_WARN_UNDECLARED_SELECTOR = YES;
				GCC_WARN_UNINITIALIZED_AUTOS = YES_AGGRESSIVE;
				GCC_WARN_UNUSED_FUNCTION = YES;
				GCC_WARN_UNUSED_VARIABLE = YES;
				IPHONEOS_DEPLOYMENT_TARGET = 10.3;
				MTL_ENABLE_DEBUG_INFO = NO;
				SDKROOT = iphoneos;
				SWIFT_OPTIMIZATION_LEVEL = "-Owholemodule";
				TARGETED_DEVICE_FAMILY = "1,2";
				VALIDATE_PRODUCT = YES;
			};
			name = Release;
		};
		8FABA91C1EA951E7001B1F34 /* Debug */ = {
			isa = XCBuildConfiguration;
			buildSettings = {
				ASSETCATALOG_COMPILER_APPICON_NAME = AppIcon;
				DEVELOPMENT_TEAM = 5LSUF525AK;
				INFOPLIST_FILE = SnapChat/Info.plist;
				LD_RUNPATH_SEARCH_PATHS = "$(inherited) @executable_path/Frameworks";
				PRODUCT_BUNDLE_IDENTIFIER = com.DiegoGomez.SnapChat;
				PRODUCT_NAME = "$(TARGET_NAME)";
				SWIFT_VERSION = 3.0;
			};
			name = Debug;
		};
		8FABA91D1EA951E7001B1F34 /* Release */ = {
			isa = XCBuildConfiguration;
			buildSettings = {
				ASSETCATALOG_COMPILER_APPICON_NAME = AppIcon;
				DEVELOPMENT_TEAM = 5LSUF525AK;
				INFOPLIST_FILE = SnapChat/Info.plist;
				LD_RUNPATH_SEARCH_PATHS = "$(inherited) @executable_path/Frameworks";
				PRODUCT_BUNDLE_IDENTIFIER = com.DiegoGomez.SnapChat;
				PRODUCT_NAME = "$(TARGET_NAME)";
				SWIFT_VERSION = 3.0;
			};
			name = Release;
		};
/* End XCBuildConfiguration section */

/* Begin XCConfigurationList section */
		8FABA9011EA951E7001B1F34 /* Build configuration list for PBXProject "SnapChat" */ = {
			isa = XCConfigurationList;
			buildConfigurations = (
				8FABA9191EA951E7001B1F34 /* Debug */,
				8FABA91A1EA951E7001B1F34 /* Release */,
			);
			defaultConfigurationIsVisible = 0;
			defaultConfigurationName = Release;
		};
		8FABA91B1EA951E7001B1F34 /* Build configuration list for PBXNativeTarget "SnapChat" */ = {
			isa = XCConfigurationList;
			buildConfigurations = (
				8FABA91C1EA951E7001B1F34 /* Debug */,
				8FABA91D1EA951E7001B1F34 /* Release */,
			);
			defaultConfigurationIsVisible = 0;
		};
/* End XCConfigurationList section */

/* Begin XCVersionGroup section */
		8FABA9101EA951E7001B1F34 /* SnapChat.xcdatamodeld */ = {
			isa = XCVersionGroup;
			children = (
				8FABA9111EA951E7001B1F34 /* SnapChat.xcdatamodel */,
			);
			currentVersion = 8FABA9111EA951E7001B1F34 /* SnapChat.xcdatamodel */;
			path = SnapChat.xcdatamodeld;
			sourceTree = "<group>";
			versionGroupType = wrapper.xcdatamodel;
		};
/* End XCVersionGroup section */
	};
	rootObject = 8FABA8FE1EA951E7001B1F34 /* Project object */;
}
